// !$*UTF8*$!
{
	archiveVersion = 1;
	classes = {
	};
	objectVersion = 77;
	objects = {

/* Begin PBXBuildFile section */
		BF549F0C2D1C86E2006E8EEC /* ContentView.swift in Sources */ = {isa = PBXBuildFile; fileRef = BF549F092D1C86E2006E8EEC /* ContentView.swift */; };
		BF549F0D2D1C86E2006E8EEC /* WeatherAppApp.swift in Sources */ = {isa = PBXBuildFile; fileRef = BF549F0A2D1C86E2006E8EEC /* WeatherAppApp.swift */; };
		BF549F0E2D1C86E2006E8EEC /* Preview Assets.xcassets in Resources */ = {isa = PBXBuildFile; fileRef = BF549F062D1C86E2006E8EEC /* Preview Assets.xcassets */; };
		BF549F0F2D1C86E2006E8EEC /* Assets.xcassets in Resources */ = {isa = PBXBuildFile; fileRef = BF549F082D1C86E2006E8EEC /* Assets.xcassets */; };
		BF549F242D1C88D6006E8EEC /* ConstantsApp.swift in Sources */ = {isa = PBXBuildFile; fileRef = BF549F232D1C88C9006E8EEC /* ConstantsApp.swift */; };
		BF549F2C2D1C8BC9006E8EEC /* ErrorApp.swift in Sources */ = {isa = PBXBuildFile; fileRef = BF549F2B2D1C8BBF006E8EEC /* ErrorApp.swift */; };
		BF549F302D1C8BF5006E8EEC /* HttpMethods.swift in Sources */ = {isa = PBXBuildFile; fileRef = BF549F2F2D1C8BE0006E8EEC /* HttpMethods.swift */; };
		BF549F322D1C8BFF006E8EEC /* HttpResponseCode.swift in Sources */ = {isa = PBXBuildFile; fileRef = BF549F312D1C8BF8006E8EEC /* HttpResponseCode.swift */; };
		BF549F3A2D1C8D23006E8EEC /* WeatherModel.swift in Sources */ = {isa = PBXBuildFile; fileRef = BF549F392D1C8D1E006E8EEC /* WeatherModel.swift */; };
		BF549F3C2D1C9F4C006E8EEC /* NetworkWeather.swift in Sources */ = {isa = PBXBuildFile; fileRef = BF549F3B2D1C9F47006E8EEC /* NetworkWeather.swift */; };
		BF549F3E2D1CA4E4006E8EEC /* WeatherRepositoryProtocol.swift in Sources */ = {isa = PBXBuildFile; fileRef = BF549F3D2D1CA4DD006E8EEC /* WeatherRepositoryProtocol.swift */; };
		BF549F402D1CA511006E8EEC /* WeatherRepository.swift in Sources */ = {isa = PBXBuildFile; fileRef = BF549F3F2D1CA50D006E8EEC /* WeatherRepository.swift */; };
		BF549F422D1CA556006E8EEC /* WeatherUseCaseProtocol.swift in Sources */ = {isa = PBXBuildFile; fileRef = BF549F412D1CA54B006E8EEC /* WeatherUseCaseProtocol.swift */; };
		BF549F442D1CA595006E8EEC /* WeatherUseCase.swift in Sources */ = {isa = PBXBuildFile; fileRef = BF549F432D1CA590006E8EEC /* WeatherUseCase.swift */; };
		BF549F472D1CA72C006E8EEC /* WeatherHomeView.swift in Sources */ = {isa = PBXBuildFile; fileRef = BF549F462D1CA72C006E8EEC /* WeatherHomeView.swift */; };
		BF549F492D1CA740006E8EEC /* WeatherHomeViewModel.swift in Sources */ = {isa = PBXBuildFile; fileRef = BF549F482D1CA73B006E8EEC /* WeatherHomeViewModel.swift */; };
		BF63B3F12D23103B0002C93D /* LocationViewModel.swift in Sources */ = {isa = PBXBuildFile; fileRef = BF63B3F02D2310370002C93D /* LocationViewModel.swift */; };
/* End PBXBuildFile section */

/* Begin PBXContainerItemProxy section */
		BF549EEA2D1C8625006E8EEC /* PBXContainerItemProxy */ = {
			isa = PBXContainerItemProxy;
			containerPortal = BF549ED12D1C8623006E8EEC /* Project object */;
			proxyType = 1;
			remoteGlobalIDString = BF549ED82D1C8623006E8EEC;
			remoteInfo = WeatherApp;
		};
		BF549EF42D1C8625006E8EEC /* PBXContainerItemProxy */ = {
			isa = PBXContainerItemProxy;
			containerPortal = BF549ED12D1C8623006E8EEC /* Project object */;
			proxyType = 1;
			remoteGlobalIDString = BF549ED82D1C8623006E8EEC;
			remoteInfo = WeatherApp;
		};
/* End PBXContainerItemProxy section */

/* Begin PBXFileReference section */
		BF549ED92D1C8623006E8EEC /* WeatherApp.app */ = {isa = PBXFileReference; explicitFileType = wrapper.application; includeInIndex = 0; path = WeatherApp.app; sourceTree = BUILT_PRODUCTS_DIR; };
		BF549EE92D1C8625006E8EEC /* WeatherAppTests.xctest */ = {isa = PBXFileReference; explicitFileType = wrapper.cfbundle; includeInIndex = 0; path = WeatherAppTests.xctest; sourceTree = BUILT_PRODUCTS_DIR; };
		BF549EF32D1C8625006E8EEC /* WeatherAppUITests.xctest */ = {isa = PBXFileReference; explicitFileType = wrapper.cfbundle; includeInIndex = 0; path = WeatherAppUITests.xctest; sourceTree = BUILT_PRODUCTS_DIR; };
		BF549F062D1C86E2006E8EEC /* Preview Assets.xcassets */ = {isa = PBXFileReference; lastKnownFileType = folder.assetcatalog; path = "Preview Assets.xcassets"; sourceTree = "<group>"; };
		BF549F082D1C86E2006E8EEC /* Assets.xcassets */ = {isa = PBXFileReference; lastKnownFileType = folder.assetcatalog; path = Assets.xcassets; sourceTree = "<group>"; };
		BF549F092D1C86E2006E8EEC /* ContentView.swift */ = {isa = PBXFileReference; lastKnownFileType = sourcecode.swift; path = ContentView.swift; sourceTree = "<group>"; };
		BF549F0A2D1C86E2006E8EEC /* WeatherAppApp.swift */ = {isa = PBXFileReference; lastKnownFileType = sourcecode.swift; path = WeatherAppApp.swift; sourceTree = "<group>"; };
		BF549F232D1C88C9006E8EEC /* ConstantsApp.swift */ = {isa = PBXFileReference; lastKnownFileType = sourcecode.swift; path = ConstantsApp.swift; sourceTree = "<group>"; };
		BF549F2B2D1C8BBF006E8EEC /* ErrorApp.swift */ = {isa = PBXFileReference; lastKnownFileType = sourcecode.swift; path = ErrorApp.swift; sourceTree = "<group>"; };
		BF549F2F2D1C8BE0006E8EEC /* HttpMethods.swift */ = {isa = PBXFileReference; lastKnownFileType = sourcecode.swift; path = HttpMethods.swift; sourceTree = "<group>"; };
		BF549F312D1C8BF8006E8EEC /* HttpResponseCode.swift */ = {isa = PBXFileReference; lastKnownFileType = sourcecode.swift; path = HttpResponseCode.swift; sourceTree = "<group>"; };
		BF549F392D1C8D1E006E8EEC /* WeatherModel.swift */ = {isa = PBXFileReference; lastKnownFileType = sourcecode.swift; path = WeatherModel.swift; sourceTree = "<group>"; };
		BF549F3B2D1C9F47006E8EEC /* NetworkWeather.swift */ = {isa = PBXFileReference; lastKnownFileType = sourcecode.swift; path = NetworkWeather.swift; sourceTree = "<group>"; };
		BF549F3D2D1CA4DD006E8EEC /* WeatherRepositoryProtocol.swift */ = {isa = PBXFileReference; lastKnownFileType = sourcecode.swift; path = WeatherRepositoryProtocol.swift; sourceTree = "<group>"; };
		BF549F3F2D1CA50D006E8EEC /* WeatherRepository.swift */ = {isa = PBXFileReference; lastKnownFileType = sourcecode.swift; path = WeatherRepository.swift; sourceTree = "<group>"; };
		BF549F412D1CA54B006E8EEC /* WeatherUseCaseProtocol.swift */ = {isa = PBXFileReference; lastKnownFileType = sourcecode.swift; path = WeatherUseCaseProtocol.swift; sourceTree = "<group>"; };
		BF549F432D1CA590006E8EEC /* WeatherUseCase.swift */ = {isa = PBXFileReference; lastKnownFileType = sourcecode.swift; path = WeatherUseCase.swift; sourceTree = "<group>"; };
		BF549F462D1CA72C006E8EEC /* WeatherHomeView.swift */ = {isa = PBXFileReference; lastKnownFileType = sourcecode.swift; path = WeatherHomeView.swift; sourceTree = "<group>"; };
		BF549F482D1CA73B006E8EEC /* WeatherHomeViewModel.swift */ = {isa = PBXFileReference; lastKnownFileType = sourcecode.swift; path = WeatherHomeViewModel.swift; sourceTree = "<group>"; };
		BF63B3F02D2310370002C93D /* LocationViewModel.swift */ = {isa = PBXFileReference; lastKnownFileType = sourcecode.swift; path = LocationViewModel.swift; sourceTree = "<group>"; };
/* End PBXFileReference section */

/* Begin PBXFileSystemSynchronizedRootGroup section */
		BF549EEC2D1C8625006E8EEC /* WeatherAppTests */ = {
			isa = PBXFileSystemSynchronizedRootGroup;
			path = WeatherAppTests;
			sourceTree = "<group>";
		};
		BF549EF62D1C8625006E8EEC /* WeatherAppUITests */ = {
			isa = PBXFileSystemSynchronizedRootGroup;
			path = WeatherAppUITests;
			sourceTree = "<group>";
		};
/* End PBXFileSystemSynchronizedRootGroup section */

/* Begin PBXFrameworksBuildPhase section */
		BF549ED62D1C8623006E8EEC /* Frameworks */ = {
			isa = PBXFrameworksBuildPhase;
			buildActionMask = 2147483647;
			files = (
			);
			runOnlyForDeploymentPostprocessing = 0;
		};
		BF549EE62D1C8625006E8EEC /* Frameworks */ = {
			isa = PBXFrameworksBuildPhase;
			buildActionMask = 2147483647;
			files = (
			);
			runOnlyForDeploymentPostprocessing = 0;
		};
		BF549EF02D1C8625006E8EEC /* Frameworks */ = {
			isa = PBXFrameworksBuildPhase;
			buildActionMask = 2147483647;
			files = (
			);
			runOnlyForDeploymentPostprocessing = 0;
		};
/* End PBXFrameworksBuildPhase section */

/* Begin PBXGroup section */
		BF549ED02D1C8623006E8EEC = {
			isa = PBXGroup;
			children = (
				BF549F0B2D1C86E2006E8EEC /* WeatherApp */,
				BF549EEC2D1C8625006E8EEC /* WeatherAppTests */,
				BF549EF62D1C8625006E8EEC /* WeatherAppUITests */,
				BF549EDA2D1C8623006E8EEC /* Products */,
			);
			sourceTree = "<group>";
		};
		BF549EDA2D1C8623006E8EEC /* Products */ = {
			isa = PBXGroup;
			children = (
				BF549ED92D1C8623006E8EEC /* WeatherApp.app */,
				BF549EE92D1C8625006E8EEC /* WeatherAppTests.xctest */,
				BF549EF32D1C8625006E8EEC /* WeatherAppUITests.xctest */,
			);
			name = Products;
			sourceTree = "<group>";
		};
		BF549F072D1C86E2006E8EEC /* Preview Content */ = {
			isa = PBXGroup;
			children = (
				BF549F062D1C86E2006E8EEC /* Preview Assets.xcassets */,
			);
			path = "Preview Content";
			sourceTree = "<group>";
		};
		BF549F0B2D1C86E2006E8EEC /* WeatherApp */ = {
			isa = PBXGroup;
			children = (
				BF549F102D1C86E6006E8EEC /* Shared */,
				BF549F072D1C86E2006E8EEC /* Preview Content */,
				BF549F082D1C86E2006E8EEC /* Assets.xcassets */,
				BF549F092D1C86E2006E8EEC /* ContentView.swift */,
				BF549F0A2D1C86E2006E8EEC /* WeatherAppApp.swift */,
			);
			path = WeatherApp;
			sourceTree = "<group>";
		};
		BF549F102D1C86E6006E8EEC /* Shared */ = {
			isa = PBXGroup;
			children = (
				BF549F132D1C86F7006E8EEC /* Presentation */,
				BF549F122D1C86F3006E8EEC /* Data */,
				BF549F112D1C86ED006E8EEC /* Domain */,
			);
			path = Shared;
			sourceTree = "<group>";
		};
		BF549F112D1C86ED006E8EEC /* Domain */ = {
			isa = PBXGroup;
			children = (
				BF549F222D1C877E006E8EEC /* UseCases */,
				BF549F212D1C8773006E8EEC /* Tools */,
				BF549F202D1C8765006E8EEC /* Entities */,
				BF549F1F2D1C8759006E8EEC /* Protocols */,
			);
			path = Domain;
			sourceTree = "<group>";
		};
		BF549F122D1C86F3006E8EEC /* Data */ = {
			isa = PBXGroup;
			children = (
				BF549F1E2D1C8743006E8EEC /* Repository */,
				BF549F162D1C8715006E8EEC /* Network */,
			);
			path = Data;
			sourceTree = "<group>";
		};
		BF549F132D1C86F7006E8EEC /* Presentation */ = {
			isa = PBXGroup;
			children = (
				BF549F152D1C870D006E8EEC /* ViewModels */,
				BF549F142D1C8708006E8EEC /* Views */,
			);
			path = Presentation;
			sourceTree = "<group>";
		};
		BF549F142D1C8708006E8EEC /* Views */ = {
			isa = PBXGroup;
			children = (
				BF549F452D1CA71D006E8EEC /* Home */,
			);
			path = Views;
			sourceTree = "<group>";
		};
		BF549F152D1C870D006E8EEC /* ViewModels */ = {
			isa = PBXGroup;
			children = (
				BF63B3F02D2310370002C93D /* LocationViewModel.swift */,
				BF549F482D1CA73B006E8EEC /* WeatherHomeViewModel.swift */,
			);
			path = ViewModels;
			sourceTree = "<group>";
		};
		BF549F162D1C8715006E8EEC /* Network */ = {
			isa = PBXGroup;
			children = (
				BF549F3B2D1C9F47006E8EEC /* NetworkWeather.swift */,
				BF549F172D1C871C006E8EEC /* BaseNetwork */,
			);
			path = Network;
			sourceTree = "<group>";
		};
		BF549F172D1C871C006E8EEC /* BaseNetwork */ = {
			isa = PBXGroup;
			children = (
				BF549F312D1C8BF8006E8EEC /* HttpResponseCode.swift */,
				BF549F2F2D1C8BE0006E8EEC /* HttpMethods.swift */,
				BF549F2B2D1C8BBF006E8EEC /* ErrorApp.swift */,
			);
			path = BaseNetwork;
			sourceTree = "<group>";
		};
		BF549F1E2D1C8743006E8EEC /* Repository */ = {
			isa = PBXGroup;
			children = (
				BF549F3F2D1CA50D006E8EEC /* WeatherRepository.swift */,
			);
			path = Repository;
			sourceTree = "<group>";
		};
		BF549F1F2D1C8759006E8EEC /* Protocols */ = {
			isa = PBXGroup;
			children = (
				BFC014472D1DF4C200EC7CC1 /* Weather 5Days  */,
				BFC014482D1DF4D000EC7CC1 /* Current Weather */,
			);
			path = Protocols;
			sourceTree = "<group>";
		};
		BF549F202D1C8765006E8EEC /* Entities */ = {
			isa = PBXGroup;
			children = (
				BF549F392D1C8D1E006E8EEC /* WeatherModel.swift */,
			);
			path = Entities;
			sourceTree = "<group>";
		};
		BF549F212D1C8773006E8EEC /* Tools */ = {
			isa = PBXGroup;
			children = (
				BF549F232D1C88C9006E8EEC /* ConstantsApp.swift */,
			);
			path = Tools;
			sourceTree = "<group>";
		};
		BF549F222D1C877E006E8EEC /* UseCases */ = {
			isa = PBXGroup;
			children = (
				BF549F432D1CA590006E8EEC /* WeatherUseCase.swift */,
			);
			path = UseCases;
			sourceTree = "<group>";
		};
		BF549F452D1CA71D006E8EEC /* Home */ = {
			isa = PBXGroup;
			children = (
				BF549F462D1CA72C006E8EEC /* WeatherHomeView.swift */,
			);
			path = Home;
			sourceTree = "<group>";
		};
		BFC014472D1DF4C200EC7CC1 /* Weather 5Days  */ = {
			isa = PBXGroup;
			children = (
			);
			path = "Weather 5Days ";
			sourceTree = "<group>";
		};
		BFC014482D1DF4D000EC7CC1 /* Current Weather */ = {
			isa = PBXGroup;
			children = (
				BF549F412D1CA54B006E8EEC /* WeatherUseCaseProtocol.swift */,
				BF549F3D2D1CA4DD006E8EEC /* WeatherRepositoryProtocol.swift */,
			);
			path = "Current Weather";
			sourceTree = "<group>";
		};
/* End PBXGroup section */

/* Begin PBXNativeTarget section */
		BF549ED82D1C8623006E8EEC /* WeatherApp */ = {
			isa = PBXNativeTarget;
			buildConfigurationList = BF549EFD2D1C8625006E8EEC /* Build configuration list for PBXNativeTarget "WeatherApp" */;
			buildPhases = (
				BF549ED52D1C8623006E8EEC /* Sources */,
				BF549ED62D1C8623006E8EEC /* Frameworks */,
				BF549ED72D1C8623006E8EEC /* Resources */,
			);
			buildRules = (
			);
			dependencies = (
			);
			name = WeatherApp;
			packageProductDependencies = (
			);
			productName = WeatherApp;
			productReference = BF549ED92D1C8623006E8EEC /* WeatherApp.app */;
			productType = "com.apple.product-type.application";
		};
		BF549EE82D1C8625006E8EEC /* WeatherAppTests */ = {
			isa = PBXNativeTarget;
			buildConfigurationList = BF549F002D1C8625006E8EEC /* Build configuration list for PBXNativeTarget "WeatherAppTests" */;
			buildPhases = (
				BF549EE52D1C8625006E8EEC /* Sources */,
				BF549EE62D1C8625006E8EEC /* Frameworks */,
				BF549EE72D1C8625006E8EEC /* Resources */,
			);
			buildRules = (
			);
			dependencies = (
				BF549EEB2D1C8625006E8EEC /* PBXTargetDependency */,
			);
			fileSystemSynchronizedGroups = (
				BF549EEC2D1C8625006E8EEC /* WeatherAppTests */,
			);
			name = WeatherAppTests;
			packageProductDependencies = (
			);
			productName = WeatherAppTests;
			productReference = BF549EE92D1C8625006E8EEC /* WeatherAppTests.xctest */;
			productType = "com.apple.product-type.bundle.unit-test";
		};
		BF549EF22D1C8625006E8EEC /* WeatherAppUITests */ = {
			isa = PBXNativeTarget;
			buildConfigurationList = BF549F032D1C8625006E8EEC /* Build configuration list for PBXNativeTarget "WeatherAppUITests" */;
			buildPhases = (
				BF549EEF2D1C8625006E8EEC /* Sources */,
				BF549EF02D1C8625006E8EEC /* Frameworks */,
				BF549EF12D1C8625006E8EEC /* Resources */,
			);
			buildRules = (
			);
			dependencies = (
				BF549EF52D1C8625006E8EEC /* PBXTargetDependency */,
			);
			fileSystemSynchronizedGroups = (
				BF549EF62D1C8625006E8EEC /* WeatherAppUITests */,
			);
			name = WeatherAppUITests;
			packageProductDependencies = (
			);
			productName = WeatherAppUITests;
			productReference = BF549EF32D1C8625006E8EEC /* WeatherAppUITests.xctest */;
			productType = "com.apple.product-type.bundle.ui-testing";
		};
/* End PBXNativeTarget section */

/* Begin PBXProject section */
		BF549ED12D1C8623006E8EEC /* Project object */ = {
			isa = PBXProject;
			attributes = {
				BuildIndependentTargetsInParallel = 1;
				LastSwiftUpdateCheck = 1610;
				LastUpgradeCheck = 1610;
				TargetAttributes = {
					BF549ED82D1C8623006E8EEC = {
						CreatedOnToolsVersion = 16.1;
					};
					BF549EE82D1C8625006E8EEC = {
						CreatedOnToolsVersion = 16.1;
						TestTargetID = BF549ED82D1C8623006E8EEC;
					};
					BF549EF22D1C8625006E8EEC = {
						CreatedOnToolsVersion = 16.1;
						TestTargetID = BF549ED82D1C8623006E8EEC;
					};
				};
			};
			buildConfigurationList = BF549ED42D1C8623006E8EEC /* Build configuration list for PBXProject "WeatherApp" */;
			developmentRegion = en;
			hasScannedForEncodings = 0;
			knownRegions = (
				en,
				Base,
			);
			mainGroup = BF549ED02D1C8623006E8EEC;
			minimizedProjectReferenceProxies = 1;
			preferredProjectObjectVersion = 77;
			productRefGroup = BF549EDA2D1C8623006E8EEC /* Products */;
			projectDirPath = "";
			projectRoot = "";
			targets = (
				BF549ED82D1C8623006E8EEC /* WeatherApp */,
				BF549EE82D1C8625006E8EEC /* WeatherAppTests */,
				BF549EF22D1C8625006E8EEC /* WeatherAppUITests */,
			);
		};
/* End PBXProject section */

/* Begin PBXResourcesBuildPhase section */
		BF549ED72D1C8623006E8EEC /* Resources */ = {
			isa = PBXResourcesBuildPhase;
			buildActionMask = 2147483647;
			files = (
				BF549F0E2D1C86E2006E8EEC /* Preview Assets.xcassets in Resources */,
				BF549F0F2D1C86E2006E8EEC /* Assets.xcassets in Resources */,
			);
			runOnlyForDeploymentPostprocessing = 0;
		};
		BF549EE72D1C8625006E8EEC /* Resources */ = {
			isa = PBXResourcesBuildPhase;
			buildActionMask = 2147483647;
			files = (
			);
			runOnlyForDeploymentPostprocessing = 0;
		};
		BF549EF12D1C8625006E8EEC /* Resources */ = {
			isa = PBXResourcesBuildPhase;
			buildActionMask = 2147483647;
			files = (
			);
			runOnlyForDeploymentPostprocessing = 0;
		};
/* End PBXResourcesBuildPhase section */

/* Begin PBXSourcesBuildPhase section */
		BF549ED52D1C8623006E8EEC /* Sources */ = {
			isa = PBXSourcesBuildPhase;
			buildActionMask = 2147483647;
			files = (
				BF549F302D1C8BF5006E8EEC /* HttpMethods.swift in Sources */,
				BF549F3C2D1C9F4C006E8EEC /* NetworkWeather.swift in Sources */,
				BF549F402D1CA511006E8EEC /* WeatherRepository.swift in Sources */,
				BF549F3E2D1CA4E4006E8EEC /* WeatherRepositoryProtocol.swift in Sources */,
				BF549F492D1CA740006E8EEC /* WeatherHomeViewModel.swift in Sources */,
				BF549F322D1C8BFF006E8EEC /* HttpResponseCode.swift in Sources */,
				BF63B3F12D23103B0002C93D /* LocationViewModel.swift in Sources */,
				BF549F2C2D1C8BC9006E8EEC /* ErrorApp.swift in Sources */,
				BF549F422D1CA556006E8EEC /* WeatherUseCaseProtocol.swift in Sources */,
				BF549F3A2D1C8D23006E8EEC /* WeatherModel.swift in Sources */,
				BF549F442D1CA595006E8EEC /* WeatherUseCase.swift in Sources */,
				BF549F0C2D1C86E2006E8EEC /* ContentView.swift in Sources */,
				BF549F242D1C88D6006E8EEC /* ConstantsApp.swift in Sources */,
				BF549F0D2D1C86E2006E8EEC /* WeatherAppApp.swift in Sources */,
				BF549F472D1CA72C006E8EEC /* WeatherHomeView.swift in Sources */,
			);
			runOnlyForDeploymentPostprocessing = 0;
		};
		BF549EE52D1C8625006E8EEC /* Sources */ = {
			isa = PBXSourcesBuildPhase;
			buildActionMask = 2147483647;
			files = (
			);
			runOnlyForDeploymentPostprocessing = 0;
		};
		BF549EEF2D1C8625006E8EEC /* Sources */ = {
			isa = PBXSourcesBuildPhase;
			buildActionMask = 2147483647;
			files = (
			);
			runOnlyForDeploymentPostprocessing = 0;
		};
/* End PBXSourcesBuildPhase section */

/* Begin PBXTargetDependency section */
		BF549EEB2D1C8625006E8EEC /* PBXTargetDependency */ = {
			isa = PBXTargetDependency;
			target = BF549ED82D1C8623006E8EEC /* WeatherApp */;
			targetProxy = BF549EEA2D1C8625006E8EEC /* PBXContainerItemProxy */;
		};
		BF549EF52D1C8625006E8EEC /* PBXTargetDependency */ = {
			isa = PBXTargetDependency;
			target = BF549ED82D1C8623006E8EEC /* WeatherApp */;
			targetProxy = BF549EF42D1C8625006E8EEC /* PBXContainerItemProxy */;
		};
/* End PBXTargetDependency section */

/* Begin XCBuildConfiguration section */
		BF549EFB2D1C8625006E8EEC /* Debug */ = {
			isa = XCBuildConfiguration;
			buildSettings = {
				ALWAYS_SEARCH_USER_PATHS = NO;
				ASSETCATALOG_COMPILER_GENERATE_SWIFT_ASSET_SYMBOL_EXTENSIONS = YES;
				CLANG_ANALYZER_NONNULL = YES;
				CLANG_ANALYZER_NUMBER_OBJECT_CONVERSION = YES_AGGRESSIVE;
				CLANG_CXX_LANGUAGE_STANDARD = "gnu++20";
				CLANG_ENABLE_MODULES = YES;
				CLANG_ENABLE_OBJC_ARC = YES;
				CLANG_ENABLE_OBJC_WEAK = YES;
				CLANG_WARN_BLOCK_CAPTURE_AUTORELEASING = YES;
				CLANG_WARN_BOOL_CONVERSION = YES;
				CLANG_WARN_COMMA = YES;
				CLANG_WARN_CONSTANT_CONVERSION = YES;
				CLANG_WARN_DEPRECATED_OBJC_IMPLEMENTATIONS = YES;
				CLANG_WARN_DIRECT_OBJC_ISA_USAGE = YES_ERROR;
				CLANG_WARN_DOCUMENTATION_COMMENTS = YES;
				CLANG_WARN_EMPTY_BODY = YES;
				CLANG_WARN_ENUM_CONVERSION = YES;
				CLANG_WARN_INFINITE_RECURSION = YES;
				CLANG_WARN_INT_CONVERSION = YES;
				CLANG_WARN_NON_LITERAL_NULL_CONVERSION = YES;
				CLANG_WARN_OBJC_IMPLICIT_RETAIN_SELF = YES;
				CLANG_WARN_OBJC_LITERAL_CONVERSION = YES;
				CLANG_WARN_OBJC_ROOT_CLASS = YES_ERROR;
				CLANG_WARN_QUOTED_INCLUDE_IN_FRAMEWORK_HEADER = YES;
				CLANG_WARN_RANGE_LOOP_ANALYSIS = YES;
				CLANG_WARN_STRICT_PROTOTYPES = YES;
				CLANG_WARN_SUSPICIOUS_MOVE = YES;
				CLANG_WARN_UNGUARDED_AVAILABILITY = YES_AGGRESSIVE;
				CLANG_WARN_UNREACHABLE_CODE = YES;
				CLANG_WARN__DUPLICATE_METHOD_MATCH = YES;
				COPY_PHASE_STRIP = NO;
				DEBUG_INFORMATION_FORMAT = dwarf;
				ENABLE_STRICT_OBJC_MSGSEND = YES;
				ENABLE_TESTABILITY = YES;
				ENABLE_USER_SCRIPT_SANDBOXING = YES;
				GCC_C_LANGUAGE_STANDARD = gnu17;
				GCC_DYNAMIC_NO_PIC = NO;
				GCC_NO_COMMON_BLOCKS = YES;
				GCC_OPTIMIZATION_LEVEL = 0;
				GCC_PREPROCESSOR_DEFINITIONS = (
					"DEBUG=1",
					"$(inherited)",
				);
				GCC_WARN_64_TO_32_BIT_CONVERSION = YES;
				GCC_WARN_ABOUT_RETURN_TYPE = YES_ERROR;
				GCC_WARN_UNDECLARED_SELECTOR = YES;
				GCC_WARN_UNINITIALIZED_AUTOS = YES_AGGRESSIVE;
				GCC_WARN_UNUSED_FUNCTION = YES;
				GCC_WARN_UNUSED_VARIABLE = YES;
				IPHONEOS_DEPLOYMENT_TARGET = 18.1;
				LOCALIZATION_PREFERS_STRING_CATALOGS = YES;
				MTL_ENABLE_DEBUG_INFO = INCLUDE_SOURCE;
				MTL_FAST_MATH = YES;
				ONLY_ACTIVE_ARCH = YES;
				SDKROOT = iphoneos;
				SWIFT_ACTIVE_COMPILATION_CONDITIONS = "DEBUG $(inherited)";
				SWIFT_OPTIMIZATION_LEVEL = "-Onone";
			};
			name = Debug;
		};
		BF549EFC2D1C8625006E8EEC /* Release */ = {
			isa = XCBuildConfiguration;
			buildSettings = {
				ALWAYS_SEARCH_USER_PATHS = NO;
				ASSETCATALOG_COMPILER_GENERATE_SWIFT_ASSET_SYMBOL_EXTENSIONS = YES;
				CLANG_ANALYZER_NONNULL = YES;
				CLANG_ANALYZER_NUMBER_OBJECT_CONVERSION = YES_AGGRESSIVE;
				CLANG_CXX_LANGUAGE_STANDARD = "gnu++20";
				CLANG_ENABLE_MODULES = YES;
				CLANG_ENABLE_OBJC_ARC = YES;
				CLANG_ENABLE_OBJC_WEAK = YES;
				CLANG_WARN_BLOCK_CAPTURE_AUTORELEASING = YES;
				CLANG_WARN_BOOL_CONVERSION = YES;
				CLANG_WARN_COMMA = YES;
				CLANG_WARN_CONSTANT_CONVERSION = YES;
				CLANG_WARN_DEPRECATED_OBJC_IMPLEMENTATIONS = YES;
				CLANG_WARN_DIRECT_OBJC_ISA_USAGE = YES_ERROR;
				CLANG_WARN_DOCUMENTATION_COMMENTS = YES;
				CLANG_WARN_EMPTY_BODY = YES;
				CLANG_WARN_ENUM_CONVERSION = YES;
				CLANG_WARN_INFINITE_RECURSION = YES;
				CLANG_WARN_INT_CONVERSION = YES;
				CLANG_WARN_NON_LITERAL_NULL_CONVERSION = YES;
				CLANG_WARN_OBJC_IMPLICIT_RETAIN_SELF = YES;
				CLANG_WARN_OBJC_LITERAL_CONVERSION = YES;
				CLANG_WARN_OBJC_ROOT_CLASS = YES_ERROR;
				CLANG_WARN_QUOTED_INCLUDE_IN_FRAMEWORK_HEADER = YES;
				CLANG_WARN_RANGE_LOOP_ANALYSIS = YES;
				CLANG_WARN_STRICT_PROTOTYPES = YES;
				CLANG_WARN_SUSPICIOUS_MOVE = YES;
				CLANG_WARN_UNGUARDED_AVAILABILITY = YES_AGGRESSIVE;
				CLANG_WARN_UNREACHABLE_CODE = YES;
				CLANG_WARN__DUPLICATE_METHOD_MATCH = YES;
				COPY_PHASE_STRIP = NO;
				DEBUG_INFORMATION_FORMAT = "dwarf-with-dsym";
				ENABLE_NS_ASSERTIONS = NO;
				ENABLE_STRICT_OBJC_MSGSEND = YES;
				ENABLE_USER_SCRIPT_SANDBOXING = YES;
				GCC_C_LANGUAGE_STANDARD = gnu17;
				GCC_NO_COMMON_BLOCKS = YES;
				GCC_WARN_64_TO_32_BIT_CONVERSION = YES;
				GCC_WARN_ABOUT_RETURN_TYPE = YES_ERROR;
				GCC_WARN_UNDECLARED_SELECTOR = YES;
				GCC_WARN_UNINITIALIZED_AUTOS = YES_AGGRESSIVE;
				GCC_WARN_UNUSED_FUNCTION = YES;
				GCC_WARN_UNUSED_VARIABLE = YES;
				IPHONEOS_DEPLOYMENT_TARGET = 18.1;
				LOCALIZATION_PREFERS_STRING_CATALOGS = YES;
				MTL_ENABLE_DEBUG_INFO = NO;
				MTL_FAST_MATH = YES;
				SDKROOT = iphoneos;
				SWIFT_COMPILATION_MODE = wholemodule;
				VALIDATE_PRODUCT = YES;
			};
			name = Release;
		};
		BF549EFE2D1C8625006E8EEC /* Debug */ = {
			isa = XCBuildConfiguration;
			buildSettings = {
				ASSETCATALOG_COMPILER_APPICON_NAME = AppIcon;
				ASSETCATALOG_COMPILER_GLOBAL_ACCENT_COLOR_NAME = AccentColor;
				CODE_SIGN_STYLE = Automatic;
				CURRENT_PROJECT_VERSION = 1;
				DEVELOPMENT_ASSET_PATHS = "\"WeatherApp/Preview Content\"";
				DEVELOPMENT_TEAM = P5P768BLW3;
				ENABLE_PREVIEWS = YES;
				GENERATE_INFOPLIST_FILE = YES;
				INFOPLIST_KEY_NSLocationWhenInUseUsageDescription = "We need the location to get the current forecast";
				INFOPLIST_KEY_UIApplicationSceneManifest_Generation = YES;
				INFOPLIST_KEY_UIApplicationSupportsIndirectInputEvents = YES;
				INFOPLIST_KEY_UILaunchScreen_Generation = YES;
				INFOPLIST_KEY_UISupportedInterfaceOrientations_iPad = "UIInterfaceOrientationPortrait UIInterfaceOrientationPortraitUpsideDown UIInterfaceOrientationLandscapeLeft UIInterfaceOrientationLandscapeRight";
				INFOPLIST_KEY_UISupportedInterfaceOrientations_iPhone = "UIInterfaceOrientationPortrait UIInterfaceOrientationLandscapeLeft UIInterfaceOrientationLandscapeRight";
				LD_RUNPATH_SEARCH_PATHS = (
					"$(inherited)",
					"@executable_path/Frameworks",
				);
				MARKETING_VERSION = 1.0;
				PRODUCT_BUNDLE_IDENTIFIER = com.andyheredia.WeatherApp;
				PRODUCT_NAME = "$(TARGET_NAME)";
				SWIFT_EMIT_LOC_STRINGS = YES;
				SWIFT_VERSION = 5.0;
				TARGETED_DEVICE_FAMILY = "1,2";
			};
			name = Debug;
		};
		BF549EFF2D1C8625006E8EEC /* Release */ = {
			isa = XCBuildConfiguration;
			buildSettings = {
				ASSETCATALOG_COMPILER_APPICON_NAME = AppIcon;
				ASSETCATALOG_COMPILER_GLOBAL_ACCENT_COLOR_NAME = AccentColor;
				CODE_SIGN_STYLE = Automatic;
				CURRENT_PROJECT_VERSION = 1;
				DEVELOPMENT_ASSET_PATHS = "\"WeatherApp/Preview Content\"";
				DEVELOPMENT_TEAM = P5P768BLW3;
				ENABLE_PREVIEWS = YES;
				GENERATE_INFOPLIST_FILE = YES;
				INFOPLIST_KEY_NSLocationWhenInUseUsageDescription = "We need the location to get the current forecast";
				INFOPLIST_KEY_UIApplicationSceneManifest_Generation = YES;
				INFOPLIST_KEY_UIApplicationSupportsIndirectInputEvents = YES;
				INFOPLIST_KEY_UILaunchScreen_Generation = YES;
				INFOPLIST_KEY_UISupportedInterfaceOrientations_iPad = "UIInterfaceOrientationPortrait UIInterfaceOrientationPortraitUpsideDown UIInterfaceOrientationLandscapeLeft UIInterfaceOrientationLandscapeRight";
				INFOPLIST_KEY_UISupportedInterfaceOrientations_iPhone = "UIInterfaceOrientationPortrait UIInterfaceOrientationLandscapeLeft UIInterfaceOrientationLandscapeRight";
				LD_RUNPATH_SEARCH_PATHS = (
					"$(inherited)",
					"@executable_path/Frameworks",
				);
				MARKETING_VERSION = 1.0;
				PRODUCT_BUNDLE_IDENTIFIER = com.andyheredia.WeatherApp;
				PRODUCT_NAME = "$(TARGET_NAME)";
				SWIFT_EMIT_LOC_STRINGS = YES;
				SWIFT_VERSION = 5.0;
				TARGETED_DEVICE_FAMILY = "1,2";
			};
			name = Release;
		};
		BF549F012D1C8625006E8EEC /* Debug */ = {
			isa = XCBuildConfiguration;
			buildSettings = {
				BUNDLE_LOADER = "$(TEST_HOST)";
				CODE_SIGN_STYLE = Automatic;
				CURRENT_PROJECT_VERSION = 1;
				DEVELOPMENT_TEAM = P5P768BLW3;
				GENERATE_INFOPLIST_FILE = YES;
				IPHONEOS_DEPLOYMENT_TARGET = 18.1;
				MARKETING_VERSION = 1.0;
				PRODUCT_BUNDLE_IDENTIFIER = com.andyheredia.WeatherAppTests;
				PRODUCT_NAME = "$(TARGET_NAME)";
				SWIFT_EMIT_LOC_STRINGS = NO;
				SWIFT_VERSION = 5.0;
				TARGETED_DEVICE_FAMILY = "1,2";
				TEST_HOST = "$(BUILT_PRODUCTS_DIR)/WeatherApp.app/$(BUNDLE_EXECUTABLE_FOLDER_PATH)/WeatherApp";
			};
			name = Debug;
		};
		BF549F022D1C8625006E8EEC /* Release */ = {
			isa = XCBuildConfiguration;
			buildSettings = {
				BUNDLE_LOADER = "$(TEST_HOST)";
				CODE_SIGN_STYLE = Automatic;
				CURRENT_PROJECT_VERSION = 1;
				DEVELOPMENT_TEAM = P5P768BLW3;
				GENERATE_INFOPLIST_FILE = YES;
				IPHONEOS_DEPLOYMENT_TARGET = 18.1;
				MARKETING_VERSION = 1.0;
				PRODUCT_BUNDLE_IDENTIFIER = com.andyheredia.WeatherAppTests;
				PRODUCT_NAME = "$(TARGET_NAME)";
				SWIFT_EMIT_LOC_STRINGS = NO;
				SWIFT_VERSION = 5.0;
				TARGETED_DEVICE_FAMILY = "1,2";
				TEST_HOST = "$(BUILT_PRODUCTS_DIR)/WeatherApp.app/$(BUNDLE_EXECUTABLE_FOLDER_PATH)/WeatherApp";
			};
			name = Release;
		};
		BF549F042D1C8625006E8EEC /* Debug */ = {
			isa = XCBuildConfiguration;
			buildSettings = {
				CODE_SIGN_STYLE = Automatic;
				CURRENT_PROJECT_VERSION = 1;
				DEVELOPMENT_TEAM = P5P768BLW3;
				GENERATE_INFOPLIST_FILE = YES;
				MARKETING_VERSION = 1.0;
				PRODUCT_BUNDLE_IDENTIFIER = com.andyheredia.WeatherAppUITests;
				PRODUCT_NAME = "$(TARGET_NAME)";
				SWIFT_EMIT_LOC_STRINGS = NO;
				SWIFT_VERSION = 5.0;
				TARGETED_DEVICE_FAMILY = "1,2";
				TEST_TARGET_NAME = WeatherApp;
			};
			name = Debug;
		};
		BF549F052D1C8625006E8EEC /* Release */ = {
			isa = XCBuildConfiguration;
			buildSettings = {
				CODE_SIGN_STYLE = Automatic;
				CURRENT_PROJECT_VERSION = 1;
				DEVELOPMENT_TEAM = P5P768BLW3;
				GENERATE_INFOPLIST_FILE = YES;
				MARKETING_VERSION = 1.0;
				PRODUCT_BUNDLE_IDENTIFIER = com.andyheredia.WeatherAppUITests;
				PRODUCT_NAME = "$(TARGET_NAME)";
				SWIFT_EMIT_LOC_STRINGS = NO;
				SWIFT_VERSION = 5.0;
				TARGETED_DEVICE_FAMILY = "1,2";
				TEST_TARGET_NAME = WeatherApp;
			};
			name = Release;
		};
/* End XCBuildConfiguration section */

/* Begin XCConfigurationList section */
		BF549ED42D1C8623006E8EEC /* Build configuration list for PBXProject "WeatherApp" */ = {
			isa = XCConfigurationList;
			buildConfigurations = (
				BF549EFB2D1C8625006E8EEC /* Debug */,
				BF549EFC2D1C8625006E8EEC /* Release */,
			);
			defaultConfigurationIsVisible = 0;
			defaultConfigurationName = Release;
		};
		BF549EFD2D1C8625006E8EEC /* Build configuration list for PBXNativeTarget "WeatherApp" */ = {
			isa = XCConfigurationList;
			buildConfigurations = (
				BF549EFE2D1C8625006E8EEC /* Debug */,
				BF549EFF2D1C8625006E8EEC /* Release */,
			);
			defaultConfigurationIsVisible = 0;
			defaultConfigurationName = Release;
		};
		BF549F002D1C8625006E8EEC /* Build configuration list for PBXNativeTarget "WeatherAppTests" */ = {
			isa = XCConfigurationList;
			buildConfigurations = (
				BF549F012D1C8625006E8EEC /* Debug */,
				BF549F022D1C8625006E8EEC /* Release */,
			);
			defaultConfigurationIsVisible = 0;
			defaultConfigurationName = Release;
		};
		BF549F032D1C8625006E8EEC /* Build configuration list for PBXNativeTarget "WeatherAppUITests" */ = {
			isa = XCConfigurationList;
			buildConfigurations = (
				BF549F042D1C8625006E8EEC /* Debug */,
				BF549F052D1C8625006E8EEC /* Release */,
			);
			defaultConfigurationIsVisible = 0;
			defaultConfigurationName = Release;
		};
/* End XCConfigurationList section */
	};
	rootObject = BF549ED12D1C8623006E8EEC /* Project object */;
}
